
Microsoft Visual Studio Solution File, Format Version 12.00
# Visual Studio 15
VisualStudioVersion = 15.0.28307.1340
MinimumVisualStudioVersion = 10.0.40219.1
Project("{8BC9CEB8-8B4A-11D0-8D11-00A0C91BC942}") = "l4d2hook", "l4d2hook.vcxproj", "{B47833C2-CC00-4490-A751-A16553374E0E}"
EndProject
Global
	GlobalSection(SolutionConfigurationPlatforms) = preSolution
		Release|x86 = Release|x86
	EndGlobalSection
	GlobalSection(ProjectConfigurationPlatforms) = postSolution
		{B47833C2-CC00-4490-A751-A16553374E0E}.Release|x86.ActiveCfg = Release|Win32
		{B47833C2-CC00-4490-A751-A16553374E0E}.Release|x86.Build.0 = Release|Win32
	EndGlobalSection
	GlobalSection(SolutionProperties) = preSolution
		HideSolutionNode = FALSE
	EndGlobalSection
	GlobalSection(ExtensibilityGlobals) = postSolution
		SolutionGuid = {8946D11E-242F-40AE-8EDC-714D57FCE5DC}
	EndGlobalSection
EndGlobal
